# This file is autogenerated, do not edit; changes may be undone by the next 'dep ensure'.


[[projects]]
  digest = "1:d9b9f8e552b21361f2753af22b298440b06287e6390e7f33f010f27a62d90179"
  name = "github.com/BurntSushi/toml"
  packages = ["."]
  pruneopts = "UT"
  revision = "3012a1dbe2e4bd1391d42b32f0577cb7bbc7f005"
  version = "v0.3.1"

[[projects]]
  digest = "1:a2527812e95dd7f0542e35ce5984618c4cfc6935e4b26bb27ecba75fc1c4428a"
  name = "github.com/go-acme/lego"
  packages = ["log"]
  pruneopts = "UT"
  revision = "11ee928ace97cc5f274df13da015f5f84ae3756d"
  version = "v3.2.0"

[[projects]]
  branch = "master"
  digest = "1:ef43e3dc68bfeda499b81670c5cd4532844a0a63ca22cba0d2423f34a42607e1"
  name = "github.com/go-ocf/go-coap"
  packages = [
    ".",
    "net",
  ]
  pruneopts = "UT"
  revision = "fd84fc2e6f05d98a193b1fb598523c7521b779ce"

[[projects]]
  branch = "master"
  digest = "1:ef1d36d2045855fc7a4031f79e9b0ad536ad439fae640e222bed834f9b1477ac"
  name = "github.com/go-ocf/kit"
  packages = [
    "codec/cbor",
    "codec/json",
    "codec/ocf",
    "log",
    "net",
    "net/coap",
    "security",
    "strings",
  ]
  pruneopts = "UT"
  revision = "8cb8e451b26eeba4c8d1796c48724b18736eb153"

[[projects]]
  branch = "master"
  digest = "1:7d0c196a583d4f26ae2fc49bdd7812856848951e1c1e4eb725ff94e54b5f1f04"
  name = "github.com/go-ocf/sdk"
  packages = [
    "local",
    "schema",
    "schema/acl",
    "schema/cloud",
    "schema/maintenance",
  ]
  pruneopts = "UT"
  revision = "e5b3f03a79c0872a35c271d343ff444f9e989740"

[[projects]]
  digest = "1:bed9d72d596f94e65fff37f4d6c01398074a6bb1c3f3ceff963516bd01db6ff5"
  name = "github.com/gofrs/uuid"
  packages = ["."]
  pruneopts = "UT"
  revision = "6b08a5c5172ba18946672b49749cde22873dd7c2"
  version = "v3.2.0"

[[projects]]
  digest = "1:6fc9d881c590e99c19b1167fb06e3e2bece273984b33c7c66e5898eb538571f4"
  name = "github.com/pion/dtls"
  packages = [
    ".",
    "internal/crypto/ccm",
    "internal/udp",
  ]
  pruneopts = "UT"
  revision = "1d51cfead39b3f858893953b073eb2146d57716d"
  version = "v1.5.4"

[[projects]]
  digest = "1:d1dc5fea31f1dd30f26b536e95ff40dbd145c77629eee6ce2fa9321c25440e40"
  name = "github.com/pion/logging"
  packages = ["."]
  pruneopts = "UT"
  revision = "0387f8acdeb20faf48e539e74906dd633851f3a8"
  version = "v0.2.2"

[[projects]]
  digest = "1:08fbf46b45e8d87fda75779146126d9d02ad0d0799c36a887fac7186e995b5be"
  name = "github.com/ugorji/go"
  packages = ["codec"]
  pruneopts = "UT"
  revision = "23ab95ef5dc3b70286760af84ce2327a2b64ed62"
  version = "v1.1.7"

[[projects]]
  digest = "1:0bdcb0c740d79d400bd3f7946ac22a715c94db62b20bfd2e01cd50693aba0600"
  name = "go.uber.org/atomic"
  packages = ["."]
  pruneopts = "UT"
  revision = "9dc4df04d0d1c39369750a9f6c32c39560672089"
  version = "v1.5.0"

[[projects]]
  digest = "1:e6d88834deb4e35eb998c74f4d042db6ccecaaf62c0f6d57905852800994af00"
  name = "go.uber.org/multierr"
  packages = ["."]
  pruneopts = "UT"
  revision = "824d08f79702fe5f54aca8400aa0d754318786e7"
  version = "v1.4.0"

[[projects]]
  branch = "master"
  digest = "1:3032e90a153750ea149f68bf081f97ca738f041fba45c41c80737f572ffdf2f4"
  name = "go.uber.org/tools"
  packages = ["update-license"]
  pruneopts = "UT"
  revision = "2cfd321de3ee5d5f8a5fda2521d1703478334d98"

[[projects]]
  digest = "1:e3568f8972498f72affbaf017d4002ece73a4683bf5c621366829321200da975"
  name = "go.uber.org/zap"
  packages = [
    ".",
    "buffer",
    "internal/bufferpool",
    "internal/color",
    "internal/exit",
    "zapcore",
  ]
  pruneopts = "UT"
  revision = "a6015e13fab9b744d96085308ce4e8f11bad1996"
  version = "v1.12.0"

[[projects]]
  branch = "master"
  digest = "1:6a7754646d7ee49c6a0cb284cb8597e8704e0199449e694c672adf74478d122f"
  name = "golang.org/x/crypto"
  packages = ["curve25519"]
  pruneopts = "UT"
  revision = "e1110fd1c708ef015366ea01799a23c459593c47"

[[projects]]
  branch = "master"
  digest = "1:00072b90775423b4695931331c0c5ed28f4e36f27a8a87bcee497cd8137b9c49"
  name = "golang.org/x/lint"
  packages = [
    ".",
    "golint",
  ]
  pruneopts = "UT"
  revision = "16217165b5de779cb6a5e4fc81fa9c1166fda457"

[[projects]]
  branch = "master"
  digest = "1:04f2f406098b4b6463906b9dfe3a6d260e714d9dd4c6ea4ee54e235b9b35eec8"
  name = "golang.org/x/net"
  packages = [
    "bpf",
    "internal/iana",
    "internal/socket",
    "ipv4",
    "ipv6",
  ]
  pruneopts = "UT"
  revision = "2180aed2234323691e9fd264fb1d32d20ff04b27"

[[projects]]
  branch = "master"
  digest = "1:f7cb52c7a3194e31e67e56c8a67df3edaaea60a93a0dc845cde9ae4ad36a925f"
  name = "golang.org/x/sys"
  packages = [
    "unix",
    "windows",
  ]
  pruneopts = "UT"
  revision = "59a1497f0cead4659791683f1514d15ae8cf3934"

[[projects]]
  branch = "master"
  digest = "1:c434dc29f9b95e7be3b026dfe48df83de716940f8ee7050b9d377b7a67223478"
  name = "golang.org/x/tools"
  packages = [
    "go/analysis",
    "go/analysis/passes/inspect",
    "go/ast/astutil",
    "go/ast/inspector",
    "go/buildutil",
    "go/gcexportdata",
    "go/internal/gcimporter",
    "go/internal/packagesdriver",
    "go/packages",
    "go/types/objectpath",
    "go/types/typeutil",
    "internal/fastwalk",
    "internal/gopathwalk",
    "internal/semver",
    "internal/span",
  ]
  pruneopts = "UT"
  revision = "e33b02e766163a704f840c6decda2d0c5b15cb8f"

[[projects]]
  digest = "1:03f487cff2000cfd63a2aa2d6577796f5537ac8b51149b583339ba9892210dc1"
  name = "honnef.co/go/tools"
  packages = [
    "arg",
    "cmd/staticcheck",
    "config",
    "deprecated",
    "facts",
    "functions",
    "go/types/typeutil",
    "internal/cache",
    "internal/passes/buildssa",
    "internal/renameio",
    "internal/sharedcheck",
    "lint",
    "lint/lintdsl",
    "lint/lintutil",
    "lint/lintutil/format",
    "loader",
    "printf",
    "simple",
    "ssa",
    "ssautil",
    "staticcheck",
    "staticcheck/vrp",
    "stylecheck",
    "unused",
    "version",
  ]
  pruneopts = "UT"
  revision = "afd67930eec2a9ed3e9b19f684d17a062285f16a"
  version = "2019.2.3"

[solve-meta]
  analyzer-name = "dep"
  analyzer-version = 1
  input-imports = [
    "github.com/go-acme/lego/log",
    "github.com/go-ocf/sdk/local",
    "github.com/go-ocf/sdk/schema",
  ]
  solver-name = "gps-cdcl"
  solver-version = 1
